
Microsoft Visual Studio Solution File, Format Version 12.00
# Visual Studio Version 17
VisualStudioVersion = 17.1.32228.430
MinimumVisualStudioVersion = 10.0.40219.1
Project("{2150E333-8FDC-42A3-9474-1A3956D46DE8}") = "01.APIs", "01.APIs", "{5D052C5A-03A5-4B80-8231-26594BA0C8B8}"
EndProject
Project("{2150E333-8FDC-42A3-9474-1A3956D46DE8}") = "02.NEGOCIO", "02.NEGOCIO", "{2DFE41BB-BAF5-442F-80FA-3E7224375926}"
EndProject
Project("{2150E333-8FDC-42A3-9474-1A3956D46DE8}") = "03.DATOS", "03.DATOS", "{9827E633-7EDD-47F4-9B18-3B3AA8D09175}"
EndProject
Project("{2150E333-8FDC-42A3-9474-1A3956D46DE8}") = "05.COMUN", "05.COMUN", "{DD2D6DCD-0224-4DDA-B06C-0504D81D5054}"
EndProject
Project("{2150E333-8FDC-42A3-9474-1A3956D46DE8}") = "06.PROXY", "06.PROXY", "{FC784C7E-91C3-40D3-8EAC-3FEE4008589D}"
EndProject
Project("{FAE04EC0-301F-11D3-BF4B-00C04F79EFBC}") = "APP.MICROSERVICIO.API", "01.API\APP.MICROSERVICIO.API\APP.MICROSERVICIO.API.csproj", "{B8F0620D-48EA-4751-AD2E-22F3AA27BAD0}"
EndProject
Project("{2150E333-8FDC-42A3-9474-1A3956D46DE8}") = "04.ENTIDADES", "04.ENTIDADES", "{45322607-A909-4BC4-B769-1A6A895980AE}"
EndProject
Project("{FAE04EC0-301F-11D3-BF4B-00C04F79EFBC}") = "APP.Autores.Datos", "03.DATOS\APP.Autores.Datos\APP.Autores.Datos.csproj", "{12A91501-63FD-46CA-9119-A203D0641ED8}"
EndProject
Project("{9A19103F-16F7-4668-BE54-9A1E7A4F7556}") = "APP.Autores.Entidades", "04.ENTIDADES\APP.Autores.Entidades\APP.Autores.Entidades.csproj", "{9DFC0E41-29F2-4B13-AF3B-182558315412}"
EndProject
Project("{FAE04EC0-301F-11D3-BF4B-00C04F79EFBC}") = "APP.AutoresEF.Datos", "03.DATOS\APP.AutoresEF.Datos\APP.AutoresEF.Datos.csproj", "{290C6492-2E85-4938-BE41-2DC637B52E3C}"
EndProject
Project("{FAE04EC0-301F-11D3-BF4B-00C04F79EFBC}") = "APP.Autores.Negocio", "02.NEGOCIO\APP.Autores.Negocio\APP.Autores.Negocio.csproj", "{CA16CE9F-C0A7-417E-AB23-D174444B399F}"
EndProject
Global
	GlobalSection(SolutionConfigurationPlatforms) = preSolution
		Debug|Any CPU = Debug|Any CPU
		Release|Any CPU = Release|Any CPU
	EndGlobalSection
	GlobalSection(ProjectConfigurationPlatforms) = postSolution
		{B8F0620D-48EA-4751-AD2E-22F3AA27BAD0}.Debug|Any CPU.ActiveCfg = Debug|Any CPU
		{B8F0620D-48EA-4751-AD2E-22F3AA27BAD0}.Debug|Any CPU.Build.0 = Debug|Any CPU
		{B8F0620D-48EA-4751-AD2E-22F3AA27BAD0}.Release|Any CPU.ActiveCfg = Release|Any CPU
		{B8F0620D-48EA-4751-AD2E-22F3AA27BAD0}.Release|Any CPU.Build.0 = Release|Any CPU
		{12A91501-63FD-46CA-9119-A203D0641ED8}.Debug|Any CPU.ActiveCfg = Debug|Any CPU
		{12A91501-63FD-46CA-9119-A203D0641ED8}.Debug|Any CPU.Build.0 = Debug|Any CPU
		{12A91501-63FD-46CA-9119-A203D0641ED8}.Release|Any CPU.ActiveCfg = Release|Any CPU
		{12A91501-63FD-46CA-9119-A203D0641ED8}.Release|Any CPU.Build.0 = Release|Any CPU
		{9DFC0E41-29F2-4B13-AF3B-182558315412}.Debug|Any CPU.ActiveCfg = Debug|Any CPU
		{9DFC0E41-29F2-4B13-AF3B-182558315412}.Debug|Any CPU.Build.0 = Debug|Any CPU
		{9DFC0E41-29F2-4B13-AF3B-182558315412}.Release|Any CPU.ActiveCfg = Release|Any CPU
		{9DFC0E41-29F2-4B13-AF3B-182558315412}.Release|Any CPU.Build.0 = Release|Any CPU
		{290C6492-2E85-4938-BE41-2DC637B52E3C}.Debug|Any CPU.ActiveCfg = Debug|Any CPU
		{290C6492-2E85-4938-BE41-2DC637B52E3C}.Debug|Any CPU.Build.0 = Debug|Any CPU
		{290C6492-2E85-4938-BE41-2DC637B52E3C}.Release|Any CPU.ActiveCfg = Release|Any CPU
		{290C6492-2E85-4938-BE41-2DC637B52E3C}.Release|Any CPU.Build.0 = Release|Any CPU
		{CA16CE9F-C0A7-417E-AB23-D174444B399F}.Debug|Any CPU.ActiveCfg = Debug|Any CPU
		{CA16CE9F-C0A7-417E-AB23-D174444B399F}.Debug|Any CPU.Build.0 = Debug|Any CPU
		{CA16CE9F-C0A7-417E-AB23-D174444B399F}.Release|Any CPU.ActiveCfg = Release|Any CPU
		{CA16CE9F-C0A7-417E-AB23-D174444B399F}.Release|Any CPU.Build.0 = Release|Any CPU
	EndGlobalSection
	GlobalSection(SolutionProperties) = preSolution
		HideSolutionNode = FALSE
	EndGlobalSection
	GlobalSection(NestedProjects) = preSolution
		{B8F0620D-48EA-4751-AD2E-22F3AA27BAD0} = {5D052C5A-03A5-4B80-8231-26594BA0C8B8}
		{12A91501-63FD-46CA-9119-A203D0641ED8} = {9827E633-7EDD-47F4-9B18-3B3AA8D09175}
		{9DFC0E41-29F2-4B13-AF3B-182558315412} = {45322607-A909-4BC4-B769-1A6A895980AE}
		{290C6492-2E85-4938-BE41-2DC637B52E3C} = {9827E633-7EDD-47F4-9B18-3B3AA8D09175}
		{CA16CE9F-C0A7-417E-AB23-D174444B399F} = {2DFE41BB-BAF5-442F-80FA-3E7224375926}
	EndGlobalSection
	GlobalSection(ExtensibilityGlobals) = postSolution
		SolutionGuid = {2D7601B3-B77A-4C7C-888D-93A635F7CEEA}
	EndGlobalSection
EndGlobal
